
Microsoft Visual Studio Solution File, Format Version 12.00
# Visual Studio Version 17
VisualStudioVersion = 17.1.32228.430
MinimumVisualStudioVersion = 10.0.40219.1
Project("{FAE04EC0-301F-11D3-BF4B-00C04F79EFBC}") = "sklish", "sklish\sklish.csproj", "{A5182D95-D176-4FFC-811C-FD95F3018F4C}"
EndProject
Global
	GlobalSection(SolutionConfigurationPlatforms) = preSolution
		Debug|Any CPU = Debug|Any CPU
		Release|Any CPU = Release|Any CPU
	EndGlobalSection
	GlobalSection(ProjectConfigurationPlatforms) = postSolution
		{A5182D95-D176-4FFC-811C-FD95F3018F4C}.Debug|Any CPU.ActiveCfg = Debug|Any CPU
		{A5182D95-D176-4FFC-811C-FD95F3018F4C}.Debug|Any CPU.Build.0 = Debug|Any CPU
		{A5182D95-D176-4FFC-811C-FD95F3018F4C}.Release|Any CPU.ActiveCfg = Release|Any CPU
		{A5182D95-D176-4FFC-811C-FD95F3018F4C}.Release|Any CPU.Build.0 = Release|Any CPU
	EndGlobalSection
	GlobalSection(SolutionProperties) = preSolution
		HideSolutionNode = FALSE
	EndGlobalSection
	GlobalSection(ExtensibilityGlobals) = postSolution
		SolutionGuid = {A869F16D-6283-4A0B-B7AF-11E48103E86C}
	EndGlobalSection
EndGlobal
